
Microsoft Visual Studio Solution File, Format Version 12.00
# Visual Studio Version 17
VisualStudioVersion = 17.9.34728.123
MinimumVisualStudioVersion = 10.0.40219.1
Project("{FAE04EC0-301F-11D3-BF4B-00C04F79EFBC}") = "BusinessLayer", "BusinessLayer\BusinessLayer.csproj", "{DE8BBB8D-DF2A-48F9-B210-8AFBE146BB7F}"
EndProject
Global
	GlobalSection(SolutionConfigurationPlatforms) = preSolution
		Debug|Any CPU = Debug|Any CPU
		Release|Any CPU = Release|Any CPU
	EndGlobalSection
	GlobalSection(ProjectConfigurationPlatforms) = postSolution
		{DE8BBB8D-DF2A-48F9-B210-8AFBE146BB7F}.Debug|Any CPU.ActiveCfg = Debug|Any CPU
		{DE8BBB8D-DF2A-48F9-B210-8AFBE146BB7F}.Debug|Any CPU.Build.0 = Debug|Any CPU
		{DE8BBB8D-DF2A-48F9-B210-8AFBE146BB7F}.Release|Any CPU.ActiveCfg = Release|Any CPU
		{DE8BBB8D-DF2A-48F9-B210-8AFBE146BB7F}.Release|Any CPU.Build.0 = Release|Any CPU
	EndGlobalSection
	GlobalSection(SolutionProperties) = preSolution
		HideSolutionNode = FALSE
	EndGlobalSection
	GlobalSection(ExtensibilityGlobals) = postSolution
		SolutionGuid = {F3BD15D7-1DDD-4E31-81D0-D0A294484414}
	EndGlobalSection
EndGlobal
